
Microsoft Visual Studio Solution File, Format Version 12.00
# Visual Studio Version 17
VisualStudioVersion = 17.4.33213.308
MinimumVisualStudioVersion = 10.0.40219.1
Project("{FAE04EC0-301F-11D3-BF4B-00C04F79EFBC}") = "MagmaMc.AUU", "MagmaMc.AUU.csproj", "{0CE8B4E9-0FA0-42B4-82A9-5FB157A9CBA1}"
EndProject
Global
	GlobalSection(SolutionConfigurationPlatforms) = preSolution
		Debug|Any CPU = Debug|Any CPU
		Release|Any CPU = Release|Any CPU
	EndGlobalSection
	GlobalSection(ProjectConfigurationPlatforms) = postSolution
		{0CE8B4E9-0FA0-42B4-82A9-5FB157A9CBA1}.Debug|Any CPU.ActiveCfg = Debug|Any CPU
		{0CE8B4E9-0FA0-42B4-82A9-5FB157A9CBA1}.Debug|Any CPU.Build.0 = Debug|Any CPU
		{0CE8B4E9-0FA0-42B4-82A9-5FB157A9CBA1}.Release|Any CPU.ActiveCfg = Release|Any CPU
		{0CE8B4E9-0FA0-42B4-82A9-5FB157A9CBA1}.Release|Any CPU.Build.0 = Release|Any CPU
	EndGlobalSection
	GlobalSection(SolutionProperties) = preSolution
		HideSolutionNode = FALSE
	EndGlobalSection
	GlobalSection(ExtensibilityGlobals) = postSolution
		SolutionGuid = {35C54F40-8194-4817-B2AF-505474240F81}
	EndGlobalSection
EndGlobal
